
Microsoft Visual Studio Solution File, Format Version 12.00
# Visual Studio Version 16
VisualStudioVersion = 16.0.30320.27
MinimumVisualStudioVersion = 10.0.40219.1
Project("{FAE04EC0-301F-11D3-BF4B-00C04F79EFBC}") = "graph", "graph\graph.csproj", "{23975FE2-2860-460B-9887-67084F169B66}"
EndProject
Global
	GlobalSection(SolutionConfigurationPlatforms) = preSolution
		Debug|Any CPU = Debug|Any CPU
		Release|Any CPU = Release|Any CPU
	EndGlobalSection
	GlobalSection(ProjectConfigurationPlatforms) = postSolution
		{23975FE2-2860-460B-9887-67084F169B66}.Debug|Any CPU.ActiveCfg = Debug|Any CPU
		{23975FE2-2860-460B-9887-67084F169B66}.Debug|Any CPU.Build.0 = Debug|Any CPU
		{23975FE2-2860-460B-9887-67084F169B66}.Release|Any CPU.ActiveCfg = Release|Any CPU
		{23975FE2-2860-460B-9887-67084F169B66}.Release|Any CPU.Build.0 = Release|Any CPU
	EndGlobalSection
	GlobalSection(SolutionProperties) = preSolution
		HideSolutionNode = FALSE
	EndGlobalSection
	GlobalSection(ExtensibilityGlobals) = postSolution
		SolutionGuid = {6C26287E-A89D-457F-BDD2-5303662621A0}
	EndGlobalSection
EndGlobal
